
Microsoft Visual Studio Solution File, Format Version 12.00
# Visual Studio Version 16
VisualStudioVersion = 16.0.29728.190
MinimumVisualStudioVersion = 10.0.40219.1
Project("{FAE04EC0-301F-11D3-BF4B-00C04F79EFBC}") = "Multithreaded Text Search", "Multithreaded Text Search.csproj", "{B9847C56-74D4-4790-8B7F-2B373802317B}"
EndProject
Global
	GlobalSection(SolutionConfigurationPlatforms) = preSolution
		Debug|Any CPU = Debug|Any CPU
		Release|Any CPU = Release|Any CPU
	EndGlobalSection
	GlobalSection(ProjectConfigurationPlatforms) = postSolution
		{B9847C56-74D4-4790-8B7F-2B373802317B}.Debug|Any CPU.ActiveCfg = Debug|Any CPU
		{B9847C56-74D4-4790-8B7F-2B373802317B}.Debug|Any CPU.Build.0 = Debug|Any CPU
		{B9847C56-74D4-4790-8B7F-2B373802317B}.Release|Any CPU.ActiveCfg = Release|Any CPU
		{B9847C56-74D4-4790-8B7F-2B373802317B}.Release|Any CPU.Build.0 = Release|Any CPU
	EndGlobalSection
	GlobalSection(SolutionProperties) = preSolution
		HideSolutionNode = FALSE
	EndGlobalSection
	GlobalSection(ExtensibilityGlobals) = postSolution
		SolutionGuid = {810B60E1-9D6D-4C61-8B21-69EE168034FC}
	EndGlobalSection
EndGlobal
